
Microsoft Visual Studio Solution File, Format Version 12.00
# Visual Studio Version 17
VisualStudioVersion = 17.5.33502.453
MinimumVisualStudioVersion = 10.0.40219.1
Project("{FAE04EC0-301F-11D3-BF4B-00C04F79EFBC}") = "AutomationAssignment", "AutomationAssignment\AutomationAssignment.csproj", "{13AB0ED6-E74A-47C2-9603-7B76E62FEBA7}"
EndProject
Global
	GlobalSection(SolutionConfigurationPlatforms) = preSolution
		Debug|Any CPU = Debug|Any CPU
		Release|Any CPU = Release|Any CPU
	EndGlobalSection
	GlobalSection(ProjectConfigurationPlatforms) = postSolution
		{13AB0ED6-E74A-47C2-9603-7B76E62FEBA7}.Debug|Any CPU.ActiveCfg = Debug|Any CPU
		{13AB0ED6-E74A-47C2-9603-7B76E62FEBA7}.Debug|Any CPU.Build.0 = Debug|Any CPU
		{13AB0ED6-E74A-47C2-9603-7B76E62FEBA7}.Release|Any CPU.ActiveCfg = Release|Any CPU
		{13AB0ED6-E74A-47C2-9603-7B76E62FEBA7}.Release|Any CPU.Build.0 = Release|Any CPU
	EndGlobalSection
	GlobalSection(SolutionProperties) = preSolution
		HideSolutionNode = FALSE
	EndGlobalSection
	GlobalSection(ExtensibilityGlobals) = postSolution
		SolutionGuid = {0A199327-1E13-44F4-84E9-03379E60ABFF}
	EndGlobalSection
EndGlobal
